// !$*UTF8*$!
{
	archiveVersion = 1;
	classes = {
	};
	objectVersion = 46;
	objects = {

/* Begin PBXBuildFile section */
		3735BBE91BE3494A002009D0 /* main.m in Sources */ = {isa = PBXBuildFile; fileRef = 3735BBE81BE3494A002009D0 /* main.m */; };
		3735BBEC1BE3494A002009D0 /* AppDelegate.m in Sources */ = {isa = PBXBuildFile; fileRef = 3735BBEB1BE3494A002009D0 /* AppDelegate.m */; };
		3735BBF41BE3494A002009D0 /* Images.xcassets in Resources */ = {isa = PBXBuildFile; fileRef = 3735BBF31BE3494A002009D0 /* Images.xcassets */; };
		3735BBF71BE3494A002009D0 /* LaunchScreen.xib in Resources */ = {isa = PBXBuildFile; fileRef = 3735BBF51BE3494A002009D0 /* LaunchScreen.xib */; };
		3735BC031BE3494A002009D0 /* Kinnect2Tests.m in Sources */ = {isa = PBXBuildFile; fileRef = 3735BC021BE3494A002009D0 /* Kinnect2Tests.m */; };
		3735BC131BE34B22002009D0 /* Main.storyboard in Resources */ = {isa = PBXBuildFile; fileRef = 3735BC0C1BE34B22002009D0 /* Main.storyboard */; };
		3735BC141BE34B22002009D0 /* Red_sunset.jpg in Resources */ = {isa = PBXBuildFile; fileRef = 3735BC0D1BE34B22002009D0 /* Red_sunset.jpg */; };
		3735BC151BE34B22002009D0 /* ProfilePhoto.jpg in Resources */ = {isa = PBXBuildFile; fileRef = 3735BC0E1BE34B22002009D0 /* ProfilePhoto.jpg */; };
		3735BC161BE34B22002009D0 /* iphone6plus.jpeg in Resources */ = {isa = PBXBuildFile; fileRef = 3735BC0F1BE34B22002009D0 /* iphone6plus.jpeg */; };
		3735BC171BE34B22002009D0 /* iphone6plus copy.jpeg in Resources */ = {isa = PBXBuildFile; fileRef = 3735BC101BE34B22002009D0 /* iphone6plus copy.jpeg */; };
		3735BC181BE34B22002009D0 /* dashboard.jpg in Resources */ = {isa = PBXBuildFile; fileRef = 3735BC111BE34B22002009D0 /* dashboard.jpg */; };
		3735BC191BE34B22002009D0 /* countries.json in Resources */ = {isa = PBXBuildFile; fileRef = 3735BC121BE34B22002009D0 /* countries.json */; };
		3735BC241BE34B41002009D0 /* ViewController.m in Sources */ = {isa = PBXBuildFile; fileRef = 3735BC1B1BE34B41002009D0 /* ViewController.m */; };
		3735BC251BE34B41002009D0 /* DashboardVC.m in Sources */ = {isa = PBXBuildFile; fileRef = 3735BC1D1BE34B41002009D0 /* DashboardVC.m */; };
		3735BC261BE34B41002009D0 /* ProfileVC.m in Sources */ = {isa = PBXBuildFile; fileRef = 3735BC1F1BE34B41002009D0 /* ProfileVC.m */; };
		3735BC271BE34B41002009D0 /* DBCell.m in Sources */ = {isa = PBXBuildFile; fileRef = 3735BC211BE34B41002009D0 /* DBCell.m */; };
		3735BC281BE34B41002009D0 /* DBPCell.m in Sources */ = {isa = PBXBuildFile; fileRef = 3735BC231BE34B41002009D0 /* DBPCell.m */; };
		3735BC351BE34B6B002009D0 /* PhoneNo.m in Sources */ = {isa = PBXBuildFile; fileRef = 3735BC2C1BE34B6B002009D0 /* PhoneNo.m */; };
		3735BC361BE34B6B002009D0 /* Verification_code.m in Sources */ = {isa = PBXBuildFile; fileRef = 3735BC2E1BE34B6B002009D0 /* Verification_code.m */; };
		3735BC371BE34B6B002009D0 /* Firstpage.m in Sources */ = {isa = PBXBuildFile; fileRef = 3735BC301BE34B6B002009D0 /* Firstpage.m */; };
		3735BC381BE34B6B002009D0 /* Signup.m in Sources */ = {isa = PBXBuildFile; fileRef = 3735BC321BE34B6B002009D0 /* Signup.m */; };
		3735BC391BE34B6B002009D0 /* EventDetailView-ViewController.m in Sources */ = {isa = PBXBuildFile; fileRef = 3735BC341BE34B6B002009D0 /* EventDetailView-ViewController.m */; };
		3735BC3F1BE34BA9002009D0 /* LeftMenuViewController.m in Sources */ = {isa = PBXBuildFile; fileRef = 3735BC3C1BE34BA9002009D0 /* LeftMenuViewController.m */; };
		3735BC401BE34BA9002009D0 /* RghtPanel_ViewController.m in Sources */ = {isa = PBXBuildFile; fileRef = 3735BC3E1BE34BA9002009D0 /* RghtPanel_ViewController.m */; };
		3735BC921BE34C1D002009D0 /* Buttons in Resources */ = {isa = PBXBuildFile; fileRef = 3735BC911BE34C1D002009D0 /* Buttons */; };
/* End PBXBuildFile section */

/* Begin PBXContainerItemProxy section */
		3735BBFD1BE3494A002009D0 /* PBXContainerItemProxy */ = {
			isa = PBXContainerItemProxy;
			containerPortal = 3735BBDB1BE3494A002009D0 /* Project object */;
			proxyType = 1;
			remoteGlobalIDString = 3735BBE21BE3494A002009D0;
			remoteInfo = Kinnect2;
		};
/* End PBXContainerItemProxy section */

/* Begin PBXFileReference section */
		3735BBE31BE3494A002009D0 /* Kinnect2.app */ = {isa = PBXFileReference; explicitFileType = wrapper.application; includeInIndex = 0; path = Kinnect2.app; sourceTree = BUILT_PRODUCTS_DIR; };
		3735BBE71BE3494A002009D0 /* Info.plist */ = {isa = PBXFileReference; lastKnownFileType = text.plist.xml; path = Info.plist; sourceTree = "<group>"; };
		3735BBE81BE3494A002009D0 /* main.m */ = {isa = PBXFileReference; lastKnownFileType = sourcecode.c.objc; path = main.m; sourceTree = "<group>"; };
		3735BBEA1BE3494A002009D0 /* AppDelegate.h */ = {isa = PBXFileReference; lastKnownFileType = sourcecode.c.h; path = AppDelegate.h; sourceTree = "<group>"; };
		3735BBEB1BE3494A002009D0 /* AppDelegate.m */ = {isa = PBXFileReference; lastKnownFileType = sourcecode.c.objc; path = AppDelegate.m; sourceTree = "<group>"; };
		3735BBF31BE3494A002009D0 /* Images.xcassets */ = {isa = PBXFileReference; lastKnownFileType = folder.assetcatalog; path = Images.xcassets; sourceTree = "<group>"; };
		3735BBF61BE3494A002009D0 /* Base */ = {isa = PBXFileReference; lastKnownFileType = file.xib; name = Base; path = Base.lproj/LaunchScreen.xib; sourceTree = "<group>"; };
		3735BBFC1BE3494A002009D0 /* Kinnect2Tests.xctest */ = {isa = PBXFileReference; explicitFileType = wrapper.cfbundle; includeInIndex = 0; path = Kinnect2Tests.xctest; sourceTree = BUILT_PRODUCTS_DIR; };
		3735BC011BE3494A002009D0 /* Info.plist */ = {isa = PBXFileReference; lastKnownFileType = text.plist.xml; path = Info.plist; sourceTree = "<group>"; };
		3735BC021BE3494A002009D0 /* Kinnect2Tests.m */ = {isa = PBXFileReference; lastKnownFileType = sourcecode.c.objc; path = Kinnect2Tests.m; sourceTree = "<group>"; };
		3735BC0C1BE34B22002009D0 /* Main.storyboard */ = {isa = PBXFileReference; fileEncoding = 4; lastKnownFileType = file.storyboard; path = Main.storyboard; sourceTree = "<group>"; };
		3735BC0D1BE34B22002009D0 /* Red_sunset.jpg */ = {isa = PBXFileReference; lastKnownFileType = image.jpeg; path = Red_sunset.jpg; sourceTree = "<group>"; };
		3735BC0E1BE34B22002009D0 /* ProfilePhoto.jpg */ = {isa = PBXFileReference; lastKnownFileType = image.jpeg; path = ProfilePhoto.jpg; sourceTree = "<group>"; };
		3735BC0F1BE34B22002009D0 /* iphone6plus.jpeg */ = {isa = PBXFileReference; lastKnownFileType = image.jpeg; path = iphone6plus.jpeg; sourceTree = "<group>"; };
		3735BC101BE34B22002009D0 /* iphone6plus copy.jpeg */ = {isa = PBXFileReference; lastKnownFileType = image.jpeg; path = "iphone6plus copy.jpeg"; sourceTree = "<group>"; };
		3735BC111BE34B22002009D0 /* dashboard.jpg */ = {isa = PBXFileReference; lastKnownFileType = image.jpeg; path = dashboard.jpg; sourceTree = "<group>"; };
		3735BC121BE34B22002009D0 /* countries.json */ = {isa = PBXFileReference; fileEncoding = 4; lastKnownFileType = text.json; path = countries.json; sourceTree = "<group>"; };
		3735BC1A1BE34B41002009D0 /* ViewController.h */ = {isa = PBXFileReference; fileEncoding = 4; lastKnownFileType = sourcecode.c.h; path = ViewController.h; sourceTree = "<group>"; };
		3735BC1B1BE34B41002009D0 /* ViewController.m */ = {isa = PBXFileReference; fileEncoding = 4; lastKnownFileType = sourcecode.c.objc; path = ViewController.m; sourceTree = "<group>"; };
		3735BC1C1BE34B41002009D0 /* DashboardVC.h */ = {isa = PBXFileReference; fileEncoding = 4; lastKnownFileType = sourcecode.c.h; path = DashboardVC.h; sourceTree = "<group>"; };
		3735BC1D1BE34B41002009D0 /* DashboardVC.m */ = {isa = PBXFileReference; fileEncoding = 4; lastKnownFileType = sourcecode.c.objc; path = DashboardVC.m; sourceTree = "<group>"; };
		3735BC1E1BE34B41002009D0 /* ProfileVC.h */ = {isa = PBXFileReference; fileEncoding = 4; lastKnownFileType = sourcecode.c.h; path = ProfileVC.h; sourceTree = "<group>"; };
		3735BC1F1BE34B41002009D0 /* ProfileVC.m */ = {isa = PBXFileReference; fileEncoding = 4; lastKnownFileType = sourcecode.c.objc; path = ProfileVC.m; sourceTree = "<group>"; };
		3735BC201BE34B41002009D0 /* DBCell.h */ = {isa = PBXFileReference; fileEncoding = 4; lastKnownFileType = sourcecode.c.h; path = DBCell.h; sourceTree = "<group>"; };
		3735BC211BE34B41002009D0 /* DBCell.m */ = {isa = PBXFileReference; fileEncoding = 4; lastKnownFileType = sourcecode.c.objc; path = DBCell.m; sourceTree = "<group>"; };
		3735BC221BE34B41002009D0 /* DBPCell.h */ = {isa = PBXFileReference; fileEncoding = 4; lastKnownFileType = sourcecode.c.h; path = DBPCell.h; sourceTree = "<group>"; };
		3735BC231BE34B41002009D0 /* DBPCell.m */ = {isa = PBXFileReference; fileEncoding = 4; lastKnownFileType = sourcecode.c.objc; path = DBPCell.m; sourceTree = "<group>"; };
		3735BC2B1BE34B6B002009D0 /* PhoneNo.h */ = {isa = PBXFileReference; fileEncoding = 4; lastKnownFileType = sourcecode.c.h; path = PhoneNo.h; sourceTree = "<group>"; };
		3735BC2C1BE34B6B002009D0 /* PhoneNo.m */ = {isa = PBXFileReference; fileEncoding = 4; lastKnownFileType = sourcecode.c.objc; path = PhoneNo.m; sourceTree = "<group>"; };
		3735BC2D1BE34B6B002009D0 /* Verification_code.h */ = {isa = PBXFileReference; fileEncoding = 4; lastKnownFileType = sourcecode.c.h; path = Verification_code.h; sourceTree = "<group>"; };
		3735BC2E1BE34B6B002009D0 /* Verification_code.m */ = {isa = PBXFileReference; fileEncoding = 4; lastKnownFileType = sourcecode.c.objc; path = Verification_code.m; sourceTree = "<group>"; };
		3735BC2F1BE34B6B002009D0 /* Firstpage.h */ = {isa = PBXFileReference; fileEncoding = 4; lastKnownFileType = sourcecode.c.h; path = Firstpage.h; sourceTree = "<group>"; };
		3735BC301BE34B6B002009D0 /* Firstpage.m */ = {isa = PBXFileReference; fileEncoding = 4; lastKnownFileType = sourcecode.c.objc; path = Firstpage.m; sourceTree = "<group>"; };
		3735BC311BE34B6B002009D0 /* Signup.h */ = {isa = PBXFileReference; fileEncoding = 4; lastKnownFileType = sourcecode.c.h; path = Signup.h; sourceTree = "<group>"; };
		3735BC321BE34B6B002009D0 /* Signup.m */ = {isa = PBXFileReference; fileEncoding = 4; lastKnownFileType = sourcecode.c.objc; path = Signup.m; sourceTree = "<group>"; };
		3735BC331BE34B6B002009D0 /* EventDetailView-ViewController.h */ = {isa = PBXFileReference; fileEncoding = 4; lastKnownFileType = sourcecode.c.h; path = "EventDetailView-ViewController.h"; sourceTree = "<group>"; };
		3735BC341BE34B6B002009D0 /* EventDetailView-ViewController.m */ = {isa = PBXFileReference; fileEncoding = 4; lastKnownFileType = sourcecode.c.objc; path = "EventDetailView-ViewController.m"; sourceTree = "<group>"; };
		3735BC3B1BE34BA9002009D0 /* LeftMenuViewController.h */ = {isa = PBXFileReference; fileEncoding = 4; lastKnownFileType = sourcecode.c.h; path = LeftMenuViewController.h; sourceTree = "<group>"; };
		3735BC3C1BE34BA9002009D0 /* LeftMenuViewController.m */ = {isa = PBXFileReference; fileEncoding = 4; lastKnownFileType = sourcecode.c.objc; path = LeftMenuViewController.m; sourceTree = "<group>"; };
		3735BC3D1BE34BA9002009D0 /* RghtPanel_ViewController.h */ = {isa = PBXFileReference; fileEncoding = 4; lastKnownFileType = sourcecode.c.h; path = RghtPanel_ViewController.h; sourceTree = "<group>"; };
		3735BC3E1BE34BA9002009D0 /* RghtPanel_ViewController.m */ = {isa = PBXFileReference; fileEncoding = 4; lastKnownFileType = sourcecode.c.objc; path = RghtPanel_ViewController.m; sourceTree = "<group>"; };
		3735BC911BE34C1D002009D0 /* Buttons */ = {isa = PBXFileReference; lastKnownFileType = folder; path = Buttons; sourceTree = "<group>"; };
/* End PBXFileReference section */

/* Begin PBXFrameworksBuildPhase section */
		3735BBE01BE3494A002009D0 /* Frameworks */ = {
			isa = PBXFrameworksBuildPhase;
			buildActionMask = 2147483647;
			files = (
			);
			runOnlyForDeploymentPostprocessing = 0;
		};
		3735BBF91BE3494A002009D0 /* Frameworks */ = {
			isa = PBXFrameworksBuildPhase;
			buildActionMask = 2147483647;
			files = (
			);
			runOnlyForDeploymentPostprocessing = 0;
		};
/* End PBXFrameworksBuildPhase section */

/* Begin PBXGroup section */
		3735BBDA1BE3494A002009D0 = {
			isa = PBXGroup;
			children = (
				3735BBE51BE3494A002009D0 /* Kinnect2 */,
				3735BBFF1BE3494A002009D0 /* Kinnect2Tests */,
				3735BBE41BE3494A002009D0 /* Products */,
			);
			sourceTree = "<group>";
		};
		3735BBE41BE3494A002009D0 /* Products */ = {
			isa = PBXGroup;
			children = (
				3735BBE31BE3494A002009D0 /* Kinnect2.app */,
				3735BBFC1BE3494A002009D0 /* Kinnect2Tests.xctest */,
			);
			name = Products;
			sourceTree = "<group>";
		};
		3735BBE51BE3494A002009D0 /* Kinnect2 */ = {
			isa = PBXGroup;
			children = (
				3735BBEA1BE3494A002009D0 /* AppDelegate.h */,
				3735BBEB1BE3494A002009D0 /* AppDelegate.m */,
				3735BC0C1BE34B22002009D0 /* Main.storyboard */,
				3735BC2A1BE34B54002009D0 /* SB1 */,
				3735BC3A1BE34B72002009D0 /* SB2 */,
				3735BC411BE34BB5002009D0 /* Menu */,
				3735BC911BE34C1D002009D0 /* Buttons */,
				3735BC0D1BE34B22002009D0 /* Red_sunset.jpg */,
				3735BC0E1BE34B22002009D0 /* ProfilePhoto.jpg */,
				3735BC0F1BE34B22002009D0 /* iphone6plus.jpeg */,
				3735BC101BE34B22002009D0 /* iphone6plus copy.jpeg */,
				3735BC111BE34B22002009D0 /* dashboard.jpg */,
				3735BC121BE34B22002009D0 /* countries.json */,
				3735BBF31BE3494A002009D0 /* Images.xcassets */,
				3735BBF51BE3494A002009D0 /* LaunchScreen.xib */,
				3735BBE61BE3494A002009D0 /* Supporting Files */,
			);
			path = Kinnect2;
			sourceTree = "<group>";
		};
		3735BBE61BE3494A002009D0 /* Supporting Files */ = {
			isa = PBXGroup;
			children = (
				3735BBE71BE3494A002009D0 /* Info.plist */,
				3735BBE81BE3494A002009D0 /* main.m */,
			);
			name = "Supporting Files";
			sourceTree = "<group>";
		};
		3735BBFF1BE3494A002009D0 /* Kinnect2Tests */ = {
			isa = PBXGroup;
			children = (
				3735BC021BE3494A002009D0 /* Kinnect2Tests.m */,
				3735BC001BE3494A002009D0 /* Supporting Files */,
			);
			path = Kinnect2Tests;
			sourceTree = "<group>";
		};
		3735BC001BE3494A002009D0 /* Supporting Files */ = {
			isa = PBXGroup;
			children = (
				3735BC011BE3494A002009D0 /* Info.plist */,
			);
			name = "Supporting Files";
			sourceTree = "<group>";
		};
		3735BC2A1BE34B54002009D0 /* SB1 */ = {
			isa = PBXGroup;
			children = (
				3735BC1A1BE34B41002009D0 /* ViewController.h */,
				3735BC1B1BE34B41002009D0 /* ViewController.m */,
				3735BC1C1BE34B41002009D0 /* DashboardVC.h */,
				3735BC1D1BE34B41002009D0 /* DashboardVC.m */,
				3735BC1E1BE34B41002009D0 /* ProfileVC.h */,
				3735BC1F1BE34B41002009D0 /* ProfileVC.m */,
				3735BC201BE34B41002009D0 /* DBCell.h */,
				3735BC211BE34B41002009D0 /* DBCell.m */,
				3735BC221BE34B41002009D0 /* DBPCell.h */,
				3735BC231BE34B41002009D0 /* DBPCell.m */,
			);
			name = SB1;
			sourceTree = "<group>";
		};
		3735BC3A1BE34B72002009D0 /* SB2 */ = {
			isa = PBXGroup;
			children = (
				3735BC2B1BE34B6B002009D0 /* PhoneNo.h */,
				3735BC2C1BE34B6B002009D0 /* PhoneNo.m */,
				3735BC2D1BE34B6B002009D0 /* Verification_code.h */,
				3735BC2E1BE34B6B002009D0 /* Verification_code.m */,
				3735BC2F1BE34B6B002009D0 /* Firstpage.h */,
				3735BC301BE34B6B002009D0 /* Firstpage.m */,
				3735BC311BE34B6B002009D0 /* Signup.h */,
				3735BC321BE34B6B002009D0 /* Signup.m */,
				3735BC331BE34B6B002009D0 /* EventDetailView-ViewController.h */,
				3735BC341BE34B6B002009D0 /* EventDetailView-ViewController.m */,
			);
			name = SB2;
			sourceTree = "<group>";
		};
		3735BC411BE34BB5002009D0 /* Menu */ = {
			isa = PBXGroup;
			children = (
				3735BC3B1BE34BA9002009D0 /* LeftMenuViewController.h */,
				3735BC3C1BE34BA9002009D0 /* LeftMenuViewController.m */,
				3735BC3D1BE34BA9002009D0 /* RghtPanel_ViewController.h */,
				3735BC3E1BE34BA9002009D0 /* RghtPanel_ViewController.m */,
			);
			name = Menu;
			sourceTree = "<group>";
		};
/* End PBXGroup section */

/* Begin PBXNativeTarget section */
		3735BBE21BE3494A002009D0 /* Kinnect2 */ = {
			isa = PBXNativeTarget;
			buildConfigurationList = 3735BC061BE3494A002009D0 /* Build configuration list for PBXNativeTarget "Kinnect2" */;
			buildPhases = (
				3735BBDF1BE3494A002009D0 /* Sources */,
				3735BBE01BE3494A002009D0 /* Frameworks */,
				3735BBE11BE3494A002009D0 /* Resources */,
			);
			buildRules = (
			);
			dependencies = (
			);
			name = Kinnect2;
			productName = Kinnect2;
			productReference = 3735BBE31BE3494A002009D0 /* Kinnect2.app */;
			productType = "com.apple.product-type.application";
		};
		3735BBFB1BE3494A002009D0 /* Kinnect2Tests */ = {
			isa = PBXNativeTarget;
			buildConfigurationList = 3735BC091BE3494A002009D0 /* Build configuration list for PBXNativeTarget "Kinnect2Tests" */;
			buildPhases = (
				3735BBF81BE3494A002009D0 /* Sources */,
				3735BBF91BE3494A002009D0 /* Frameworks */,
				3735BBFA1BE3494A002009D0 /* Resources */,
			);
			buildRules = (
			);
			dependencies = (
				3735BBFE1BE3494A002009D0 /* PBXTargetDependency */,
			);
			name = Kinnect2Tests;
			productName = Kinnect2Tests;
			productReference = 3735BBFC1BE3494A002009D0 /* Kinnect2Tests.xctest */;
			productType = "com.apple.product-type.bundle.unit-test";
		};
/* End PBXNativeTarget section */

/* Begin PBXProject section */
		3735BBDB1BE3494A002009D0 /* Project object */ = {
			isa = PBXProject;
			attributes = {
				LastUpgradeCheck = 0640;
				ORGANIZATIONNAME = Hammad;
				TargetAttributes = {
					3735BBE21BE3494A002009D0 = {
						CreatedOnToolsVersion = 6.4;
					};
					3735BBFB1BE3494A002009D0 = {
						CreatedOnToolsVersion = 6.4;
						TestTargetID = 3735BBE21BE3494A002009D0;
					};
				};
			};
			buildConfigurationList = 3735BBDE1BE3494A002009D0 /* Build configuration list for PBXProject "Kinnect2" */;
			compatibilityVersion = "Xcode 3.2";
			developmentRegion = English;
			hasScannedForEncodings = 0;
			knownRegions = (
				en,
				Base,
			);
			mainGroup = 3735BBDA1BE3494A002009D0;
			productRefGroup = 3735BBE41BE3494A002009D0 /* Products */;
			projectDirPath = "";
			projectRoot = "";
			targets = (
				3735BBE21BE3494A002009D0 /* Kinnect2 */,
				3735BBFB1BE3494A002009D0 /* Kinnect2Tests */,
			);
		};
/* End PBXProject section */

/* Begin PBXResourcesBuildPhase section */
		3735BBE11BE3494A002009D0 /* Resources */ = {
			isa = PBXResourcesBuildPhase;
			buildActionMask = 2147483647;
			files = (
				3735BC151BE34B22002009D0 /* ProfilePhoto.jpg in Resources */,
				3735BC171BE34B22002009D0 /* iphone6plus copy.jpeg in Resources */,
				3735BC161BE34B22002009D0 /* iphone6plus.jpeg in Resources */,
				3735BC191BE34B22002009D0 /* countries.json in Resources */,
				3735BC921BE34C1D002009D0 /* Buttons in Resources */,
				3735BC131BE34B22002009D0 /* Main.storyboard in Resources */,
				3735BC181BE34B22002009D0 /* dashboard.jpg in Resources */,
				3735BC141BE34B22002009D0 /* Red_sunset.jpg in Resources */,
				3735BBF71BE3494A002009D0 /* LaunchScreen.xib in Resources */,
				3735BBF41BE3494A002009D0 /* Images.xcassets in Resources */,
			);
			runOnlyForDeploymentPostprocessing = 0;
		};
		3735BBFA1BE3494A002009D0 /* Resources */ = {
			isa = PBXResourcesBuildPhase;
			buildActionMask = 2147483647;
			files = (
			);
			runOnlyForDeploymentPostprocessing = 0;
		};
/* End PBXResourcesBuildPhase section */

/* Begin PBXSourcesBuildPhase section */
		3735BBDF1BE3494A002009D0 /* Sources */ = {
			isa = PBXSourcesBuildPhase;
			buildActionMask = 2147483647;
			files = (
				3735BC241BE34B41002009D0 /* ViewController.m in Sources */,
				3735BC261BE34B41002009D0 /* ProfileVC.m in Sources */,
				3735BC401BE34BA9002009D0 /* RghtPanel_ViewController.m in Sources */,
				3735BC381BE34B6B002009D0 /* Signup.m in Sources */,
				3735BC251BE34B41002009D0 /* DashboardVC.m in Sources */,
				3735BC361BE34B6B002009D0 /* Verification_code.m in Sources */,
				3735BC351BE34B6B002009D0 /* PhoneNo.m in Sources */,
				3735BC3F1BE34BA9002009D0 /* LeftMenuViewController.m in Sources */,
				3735BBEC1BE3494A002009D0 /* AppDelegate.m in Sources */,
				3735BBE91BE3494A002009D0 /* main.m in Sources */,
				3735BC271BE34B41002009D0 /* DBCell.m in Sources */,
				3735BC281BE34B41002009D0 /* DBPCell.m in Sources */,
				3735BC391BE34B6B002009D0 /* EventDetailView-ViewController.m in Sources */,
				3735BC371BE34B6B002009D0 /* Firstpage.m in Sources */,
			);
			runOnlyForDeploymentPostprocessing = 0;
		};
		3735BBF81BE3494A002009D0 /* Sources */ = {
			isa = PBXSourcesBuildPhase;
			buildActionMask = 2147483647;
			files = (
				3735BC031BE3494A002009D0 /* Kinnect2Tests.m in Sources */,
			);
			runOnlyForDeploymentPostprocessing = 0;
		};
/* End PBXSourcesBuildPhase section */

/* Begin PBXTargetDependency section */
		3735BBFE1BE3494A002009D0 /* PBXTargetDependency */ = {
			isa = PBXTargetDependency;
			target = 3735BBE21BE3494A002009D0 /* Kinnect2 */;
			targetProxy = 3735BBFD1BE3494A002009D0 /* PBXContainerItemProxy */;
		};
/* End PBXTargetDependency section */

/* Begin PBXVariantGroup section */
		3735BBF51BE3494A002009D0 /* LaunchScreen.xib */ = {
			isa = PBXVariantGroup;
			children = (
				3735BBF61BE3494A002009D0 /* Base */,
			);
			name = LaunchScreen.xib;
			sourceTree = "<group>";
		};
/* End PBXVariantGroup section */

/* Begin XCBuildConfiguration section */
		3735BC041BE3494A002009D0 /* Debug */ = {
			isa = XCBuildConfiguration;
			buildSettings = {
				ALWAYS_SEARCH_USER_PATHS = NO;
				CLANG_CXX_LANGUAGE_STANDARD = "gnu++0x";
				CLANG_CXX_LIBRARY = "libc++";
				CLANG_ENABLE_MODULES = YES;
				CLANG_ENABLE_OBJC_ARC = YES;
				CLANG_WARN_BOOL_CONVERSION = YES;
				CLANG_WARN_CONSTANT_CONVERSION = YES;
				CLANG_WARN_DIRECT_OBJC_ISA_USAGE = YES_ERROR;
				CLANG_WARN_EMPTY_BODY = YES;
				CLANG_WARN_ENUM_CONVERSION = YES;
				CLANG_WARN_INT_CONVERSION = YES;
				CLANG_WARN_OBJC_ROOT_CLASS = YES_ERROR;
				CLANG_WARN_UNREACHABLE_CODE = YES;
				CLANG_WARN__DUPLICATE_METHOD_MATCH = YES;
				"CODE_SIGN_IDENTITY[sdk=iphoneos*]" = "iPhone Developer";
				COPY_PHASE_STRIP = NO;
				DEBUG_INFORMATION_FORMAT = "dwarf-with-dsym";
				ENABLE_STRICT_OBJC_MSGSEND = YES;
				GCC_C_LANGUAGE_STANDARD = gnu99;
				GCC_DYNAMIC_NO_PIC = NO;
				GCC_NO_COMMON_BLOCKS = YES;
				GCC_OPTIMIZATION_LEVEL = 0;
				GCC_PREPROCESSOR_DEFINITIONS = (
					"DEBUG=1",
					"$(inherited)",
				);
				GCC_SYMBOLS_PRIVATE_EXTERN = NO;
				GCC_WARN_64_TO_32_BIT_CONVERSION = YES;
				GCC_WARN_ABOUT_RETURN_TYPE = YES_ERROR;
				GCC_WARN_UNDECLARED_SELECTOR = YES;
				GCC_WARN_UNINITIALIZED_AUTOS = YES_AGGRESSIVE;
				GCC_WARN_UNUSED_FUNCTION = YES;
				GCC_WARN_UNUSED_VARIABLE = YES;
				IPHONEOS_DEPLOYMENT_TARGET = 8.4;
				MTL_ENABLE_DEBUG_INFO = YES;
				ONLY_ACTIVE_ARCH = YES;
				SDKROOT = iphoneos;
				TARGETED_DEVICE_FAMILY = "1,2";
			};
			name = Debug;
		};
		3735BC051BE3494A002009D0 /* Release */ = {
			isa = XCBuildConfiguration;
			buildSettings = {
				ALWAYS_SEARCH_USER_PATHS = NO;
				CLANG_CXX_LANGUAGE_STANDARD = "gnu++0x";
				CLANG_CXX_LIBRARY = "libc++";
				CLANG_ENABLE_MODULES = YES;
				CLANG_ENABLE_OBJC_ARC = YES;
				CLANG_WARN_BOOL_CONVERSION = YES;
				CLANG_WARN_CONSTANT_CONVERSION = YES;
				CLANG_WARN_DIRECT_OBJC_ISA_USAGE = YES_ERROR;
				CLANG_WARN_EMPTY_BODY = YES;
				CLANG_WARN_ENUM_CONVERSION = YES;
				CLANG_WARN_INT_CONVERSION = YES;
				CLANG_WARN_OBJC_ROOT_CLASS = YES_ERROR;
				CLANG_WARN_UNREACHABLE_CODE = YES;
				CLANG_WARN__DUPLICATE_METHOD_MATCH = YES;
				"CODE_SIGN_IDENTITY[sdk=iphoneos*]" = "iPhone Developer";
				COPY_PHASE_STRIP = NO;
				DEBUG_INFORMATION_FORMAT = "dwarf-with-dsym";
				ENABLE_NS_ASSERTIONS = NO;
				ENABLE_STRICT_OBJC_MSGSEND = YES;
				GCC_C_LANGUAGE_STANDARD = gnu99;
				GCC_NO_COMMON_BLOCKS = YES;
				GCC_WARN_64_TO_32_BIT_CONVERSION = YES;
				GCC_WARN_ABOUT_RETURN_TYPE = YES_ERROR;
				GCC_WARN_UNDECLARED_SELECTOR = YES;
				GCC_WARN_UNINITIALIZED_AUTOS = YES_AGGRESSIVE;
				GCC_WARN_UNUSED_FUNCTION = YES;
				GCC_WARN_UNUSED_VARIABLE = YES;
				IPHONEOS_DEPLOYMENT_TARGET = 8.4;
				MTL_ENABLE_DEBUG_INFO = NO;
				SDKROOT = iphoneos;
				TARGETED_DEVICE_FAMILY = "1,2";
				VALIDATE_PRODUCT = YES;
			};
			name = Release;
		};
		3735BC071BE3494A002009D0 /* Debug */ = {
			isa = XCBuildConfiguration;
			buildSettings = {
				ASSETCATALOG_COMPILER_APPICON_NAME = AppIcon;
				INFOPLIST_FILE = Kinnect2/Info.plist;
				LD_RUNPATH_SEARCH_PATHS = "$(inherited) @executable_path/Frameworks";
				PRODUCT_NAME = "$(TARGET_NAME)";
				TARGETED_DEVICE_FAMILY = "1,2";
			};
			name = Debug;
		};
		3735BC081BE3494A002009D0 /* Release */ = {
			isa = XCBuildConfiguration;
			buildSettings = {
				ASSETCATALOG_COMPILER_APPICON_NAME = AppIcon;
				INFOPLIST_FILE = Kinnect2/Info.plist;
				LD_RUNPATH_SEARCH_PATHS = "$(inherited) @executable_path/Frameworks";
				PRODUCT_NAME = "$(TARGET_NAME)";
				TARGETED_DEVICE_FAMILY = "1,2";
			};
			name = Release;
		};
		3735BC0A1BE3494A002009D0 /* Debug */ = {
			isa = XCBuildConfiguration;
			buildSettings = {
				BUNDLE_LOADER = "$(TEST_HOST)";
				FRAMEWORK_SEARCH_PATHS = (
					"$(SDKROOT)/Developer/Library/Frameworks",
					"$(inherited)",
				);
				GCC_PREPROCESSOR_DEFINITIONS = (
					"DEBUG=1",
					"$(inherited)",
				);
				INFOPLIST_FILE = Kinnect2Tests/Info.plist;
				LD_RUNPATH_SEARCH_PATHS = "$(inherited) @executable_path/Frameworks @loader_path/Frameworks";
				PRODUCT_NAME = "$(TARGET_NAME)";
				TEST_HOST = "$(BUILT_PRODUCTS_DIR)/Kinnect2.app/Kinnect2";
			};
			name = Debug;
		};
		3735BC0B1BE3494A002009D0 /* Release */ = {
			isa = XCBuildConfiguration;
			buildSettings = {
				BUNDLE_LOADER = "$(TEST_HOST)";
				FRAMEWORK_SEARCH_PATHS = (
					"$(SDKROOT)/Developer/Library/Frameworks",
					"$(inherited)",
				);
				INFOPLIST_FILE = Kinnect2Tests/Info.plist;
				LD_RUNPATH_SEARCH_PATHS = "$(inherited) @executable_path/Frameworks @loader_path/Frameworks";
				PRODUCT_NAME = "$(TARGET_NAME)";
				TEST_HOST = "$(BUILT_PRODUCTS_DIR)/Kinnect2.app/Kinnect2";
			};
			name = Release;
		};
/* End XCBuildConfiguration section */

/* Begin XCConfigurationList section */
		3735BBDE1BE3494A002009D0 /* Build configuration list for PBXProject "Kinnect2" */ = {
			isa = XCConfigurationList;
			buildConfigurations = (
				3735BC041BE3494A002009D0 /* Debug */,
				3735BC051BE3494A002009D0 /* Release */,
			);
			defaultConfigurationIsVisible = 0;
			defaultConfigurationName = Release;
		};
		3735BC061BE3494A002009D0 /* Build configuration list for PBXNativeTarget "Kinnect2" */ = {
			isa = XCConfigurationList;
			buildConfigurations = (
				3735BC071BE3494A002009D0 /* Debug */,
				3735BC081BE3494A002009D0 /* Release */,
			);
			defaultConfigurationIsVisible = 0;
			defaultConfigurationName = Release;
		};
		3735BC091BE3494A002009D0 /* Build configuration list for PBXNativeTarget "Kinnect2Tests" */ = {
			isa = XCConfigurationList;
			buildConfigurations = (
				3735BC0A1BE3494A002009D0 /* Debug */,
				3735BC0B1BE3494A002009D0 /* Release */,
			);
			defaultConfigurationIsVisible = 0;
			defaultConfigurationName = Release;
		};
/* End XCConfigurationList section */
	};
	rootObject = 3735BBDB1BE3494A002009D0 /* Project object */;
}
